
Microsoft Visual Studio Solution File, Format Version 12.00
# Visual Studio Version 16
VisualStudioVersion = 16.0.29920.165
MinimumVisualStudioVersion = 10.0.40219.1
Project("{FAE04EC0-301F-11D3-BF4B-00C04F79EFBC}") = "DdsFileTypePlus", "DdsFileTypePlus.csproj", "{EC549B85-B295-4639-8610-24B7A8F6BDB0}"
EndProject
Project("{8BC9CEB8-8B4A-11D0-8D11-00A0C91BC942}") = "DdsFileTypePlusIO", "DdsFileTypePlusIO\DdsFileTypePlusIO.vcxproj", "{1A202FA1-EE3E-4920-9BE5-2A567FE6C6EE}"
	ProjectSection(ProjectDependencies) = postProject
		{371B9FA9-4C90-4AC6-A123-ACED756D6C77} = {371B9FA9-4C90-4AC6-A123-ACED756D6C77}
	EndProjectSection
EndProject
Project("{8BC9CEB8-8B4A-11D0-8D11-00A0C91BC942}") = "DirectXTex", "3rdParty\DirectXTex\DirectXTex\DirectXTex_Desktop_2017.vcxproj", "{371B9FA9-4C90-4AC6-A123-ACED756D6C77}"
EndProject
Project("{2150E333-8FDC-42A3-9474-1A3956D46DE8}") = "Solution Items", "Solution Items", "{745DC9A9-B4D1-4EBF-AD99-7D6904772539}"
	ProjectSection(SolutionItems) = preProject
		.editorconfig = .editorconfig
	EndProjectSection
EndProject
Global
	GlobalSection(SolutionConfigurationPlatforms) = preSolution
		Debug|Any CPU = Debug|Any CPU
		Debug|x64 = Debug|x64
		Debug|x86 = Debug|x86
		Release|Any CPU = Release|Any CPU
		Release|x64 = Release|x64
		Release|x86 = Release|x86
	EndGlobalSection
	GlobalSection(ProjectConfigurationPlatforms) = postSolution
		{EC549B85-B295-4639-8610-24B7A8F6BDB0}.Debug|Any CPU.ActiveCfg = Debug|Any CPU
		{EC549B85-B295-4639-8610-24B7A8F6BDB0}.Debug|Any CPU.Build.0 = Debug|Any CPU
		{EC549B85-B295-4639-8610-24B7A8F6BDB0}.Debug|x64.ActiveCfg = Debug|Any CPU
		{EC549B85-B295-4639-8610-24B7A8F6BDB0}.Debug|x64.Build.0 = Debug|Any CPU
		{EC549B85-B295-4639-8610-24B7A8F6BDB0}.Debug|x86.ActiveCfg = Debug|Any CPU
		{EC549B85-B295-4639-8610-24B7A8F6BDB0}.Debug|x86.Build.0 = Debug|Any CPU
		{EC549B85-B295-4639-8610-24B7A8F6BDB0}.Release|Any CPU.ActiveCfg = Release|Any CPU
		{EC549B85-B295-4639-8610-24B7A8F6BDB0}.Release|Any CPU.Build.0 = Release|Any CPU
		{EC549B85-B295-4639-8610-24B7A8F6BDB0}.Release|x64.ActiveCfg = Release|Any CPU
		{EC549B85-B295-4639-8610-24B7A8F6BDB0}.Release|x64.Build.0 = Release|Any CPU
		{EC549B85-B295-4639-8610-24B7A8F6BDB0}.Release|x86.ActiveCfg = Release|Any CPU
		{EC549B85-B295-4639-8610-24B7A8F6BDB0}.Release|x86.Build.0 = Release|Any CPU
		{1A202FA1-EE3E-4920-9BE5-2A567FE6C6EE}.Debug|Any CPU.ActiveCfg = Debug|Win32
		{1A202FA1-EE3E-4920-9BE5-2A567FE6C6EE}.Debug|x64.ActiveCfg = Debug|x64
		{1A202FA1-EE3E-4920-9BE5-2A567FE6C6EE}.Debug|x64.Build.0 = Debug|x64
		{1A202FA1-EE3E-4920-9BE5-2A567FE6C6EE}.Debug|x86.ActiveCfg = Debug|Win32
		{1A202FA1-EE3E-4920-9BE5-2A567FE6C6EE}.Debug|x86.Build.0 = Debug|Win32
		{1A202FA1-EE3E-4920-9BE5-2A567FE6C6EE}.Release|Any CPU.ActiveCfg = Release|Win32
		{1A202FA1-EE3E-4920-9BE5-2A567FE6C6EE}.Release|x64.ActiveCfg = Release|x64
		{1A202FA1-EE3E-4920-9BE5-2A567FE6C6EE}.Release|x64.Build.0 = Release|x64
		{1A202FA1-EE3E-4920-9BE5-2A567FE6C6EE}.Release|x86.ActiveCfg = Release|Win32
		{1A202FA1-EE3E-4920-9BE5-2A567FE6C6EE}.Release|x86.Build.0 = Release|Win32
		{371B9FA9-4C90-4AC6-A123-ACED756D6C77}.Debug|Any CPU.ActiveCfg = Debug|Win32
		{371B9FA9-4C90-4AC6-A123-ACED756D6C77}.Debug|x64.ActiveCfg = Debug|x64
		{371B9FA9-4C90-4AC6-A123-ACED756D6C77}.Debug|x64.Build.0 = Debug|x64
		{371B9FA9-4C90-4AC6-A123-ACED756D6C77}.Debug|x86.ActiveCfg = Debug|Win32
		{371B9FA9-4C90-4AC6-A123-ACED756D6C77}.Debug|x86.Build.0 = Debug|Win32
		{371B9FA9-4C90-4AC6-A123-ACED756D6C77}.Release|Any CPU.ActiveCfg = Release|Win32
		{371B9FA9-4C90-4AC6-A123-ACED756D6C77}.Release|x64.ActiveCfg = Release|x64
		{371B9FA9-4C90-4AC6-A123-ACED756D6C77}.Release|x64.Build.0 = Release|x64
		{371B9FA9-4C90-4AC6-A123-ACED756D6C77}.Release|x86.ActiveCfg = Release|Win32
		{371B9FA9-4C90-4AC6-A123-ACED756D6C77}.Release|x86.Build.0 = Release|Win32
	EndGlobalSection
	GlobalSection(SolutionProperties) = preSolution
		HideSolutionNode = FALSE
	EndGlobalSection
	GlobalSection(ExtensibilityGlobals) = postSolution
		SolutionGuid = {5064024F-BE06-4F68-AADF-DA9DE2872A9A}
	EndGlobalSection
EndGlobal
